// !$*UTF8*$!
{
	archiveVersion = 1;
	classes = {
	};
	objectVersion = 50;
	objects = {

/* Begin PBXBuildFile section */
		F17DE7DF26F1CD55008CF458 /* SimpliFiApp.swift in Sources */ = {isa = PBXBuildFile; fileRef = F17DE7DE26F1CD55008CF458 /* SimpliFiApp.swift */; };
		F17DE7E126F1CD55008CF458 /* ContentView.swift in Sources */ = {isa = PBXBuildFile; fileRef = F17DE7E026F1CD55008CF458 /* ContentView.swift */; };
		F17DE7E326F1CD56008CF458 /* Assets.xcassets in Resources */ = {isa = PBXBuildFile; fileRef = F17DE7E226F1CD56008CF458 /* Assets.xcassets */; };
		F17DE7E626F1CD56008CF458 /* Preview Assets.xcassets in Resources */ = {isa = PBXBuildFile; fileRef = F17DE7E526F1CD56008CF458 /* Preview Assets.xcassets */; };
		F17DE7EE26F1CDC8008CF458 /* Budget.swift in Sources */ = {isa = PBXBuildFile; fileRef = F17DE7ED26F1CDC8008CF458 /* Budget.swift */; };
/* End PBXBuildFile section */

/* Begin PBXFileReference section */
		F17DE7DB26F1CD55008CF458 /* SimpliFi.app */ = {isa = PBXFileReference; explicitFileType = wrapper.application; includeInIndex = 0; path = SimpliFi.app; sourceTree = BUILT_PRODUCTS_DIR; };
		F17DE7DE26F1CD55008CF458 /* SimpliFiApp.swift */ = {isa = PBXFileReference; lastKnownFileType = sourcecode.swift; path = SimpliFiApp.swift; sourceTree = "<group>"; };
		F17DE7E026F1CD55008CF458 /* ContentView.swift */ = {isa = PBXFileReference; lastKnownFileType = sourcecode.swift; path = ContentView.swift; sourceTree = "<group>"; };
		F17DE7E226F1CD56008CF458 /* Assets.xcassets */ = {isa = PBXFileReference; lastKnownFileType = folder.assetcatalog; path = Assets.xcassets; sourceTree = "<group>"; };
		F17DE7E526F1CD56008CF458 /* Preview Assets.xcassets */ = {isa = PBXFileReference; lastKnownFileType = folder.assetcatalog; path = "Preview Assets.xcassets"; sourceTree = "<group>"; };
		F17DE7E726F1CD56008CF458 /* Info.plist */ = {isa = PBXFileReference; lastKnownFileType = text.plist.xml; path = Info.plist; sourceTree = "<group>"; };
		F17DE7ED26F1CDC8008CF458 /* Budget.swift */ = {isa = PBXFileReference; lastKnownFileType = sourcecode.swift; path = Budget.swift; sourceTree = "<group>"; };
/* End PBXFileReference section */

/* Begin PBXFrameworksBuildPhase section */
		F17DE7D826F1CD55008CF458 /* Frameworks */ = {
			isa = PBXFrameworksBuildPhase;
			buildActionMask = 2147483647;
			files = (
			);
			runOnlyForDeploymentPostprocessing = 0;
		};
/* End PBXFrameworksBuildPhase section */

/* Begin PBXGroup section */
		F17DE7D226F1CD55008CF458 = {
			isa = PBXGroup;
			children = (
				F17DE7DD26F1CD55008CF458 /* SimpliFi */,
				F17DE7DC26F1CD55008CF458 /* Products */,
			);
			sourceTree = "<group>";
		};
		F17DE7DC26F1CD55008CF458 /* Products */ = {
			isa = PBXGroup;
			children = (
				F17DE7DB26F1CD55008CF458 /* SimpliFi.app */,
			);
			name = Products;
			sourceTree = "<group>";
		};
		F17DE7DD26F1CD55008CF458 /* SimpliFi */ = {
			isa = PBXGroup;
			children = (
				F17DE7DE26F1CD55008CF458 /* SimpliFiApp.swift */,
				F17DE7E026F1CD55008CF458 /* ContentView.swift */,
				F17DE7ED26F1CDC8008CF458 /* Budget.swift */,
				F17DE7E226F1CD56008CF458 /* Assets.xcassets */,
				F17DE7E726F1CD56008CF458 /* Info.plist */,
				F17DE7E426F1CD56008CF458 /* Preview Content */,
			);
			path = SimpliFi;
			sourceTree = "<group>";
		};
		F17DE7E426F1CD56008CF458 /* Preview Content */ = {
			isa = PBXGroup;
			children = (
				F17DE7E526F1CD56008CF458 /* Preview Assets.xcassets */,
			);
			path = "Preview Content";
			sourceTree = "<group>";
		};
/* End PBXGroup section */

/* Begin PBXNativeTarget section */
		F17DE7DA26F1CD55008CF458 /* SimpliFi */ = {
			isa = PBXNativeTarget;
			buildConfigurationList = F17DE7EA26F1CD56008CF458 /* Build configuration list for PBXNativeTarget "SimpliFi" */;
			buildPhases = (
				F17DE7D726F1CD55008CF458 /* Sources */,
				F17DE7D826F1CD55008CF458 /* Frameworks */,
				F17DE7D926F1CD55008CF458 /* Resources */,
			);
			buildRules = (
			);
			dependencies = (
			);
			name = SimpliFi;
			productName = SimpliFi;
			productReference = F17DE7DB26F1CD55008CF458 /* SimpliFi.app */;
			productType = "com.apple.product-type.application";
		};
/* End PBXNativeTarget section */

/* Begin PBXProject section */
		F17DE7D326F1CD55008CF458 /* Project object */ = {
			isa = PBXProject;
			attributes = {
				LastSwiftUpdateCheck = 1250;
				LastUpgradeCheck = 1250;
				TargetAttributes = {
					F17DE7DA26F1CD55008CF458 = {
						CreatedOnToolsVersion = 12.5.1;
					};
				};
			};
			buildConfigurationList = F17DE7D626F1CD55008CF458 /* Build configuration list for PBXProject "SimpliFi" */;
			compatibilityVersion = "Xcode 9.3";
			developmentRegion = en;
			hasScannedForEncodings = 0;
			knownRegions = (
				en,
				Base,
			);
			mainGroup = F17DE7D226F1CD55008CF458;
			productRefGroup = F17DE7DC26F1CD55008CF458 /* Products */;
			projectDirPath = "";
			projectRoot = "";
			targets = (
				F17DE7DA26F1CD55008CF458 /* SimpliFi */,
			);
		};
/* End PBXProject section */

/* Begin PBXResourcesBuildPhase section */
		F17DE7D926F1CD55008CF458 /* Resources */ = {
			isa = PBXResourcesBuildPhase;
			buildActionMask = 2147483647;
			files = (
				F17DE7E626F1CD56008CF458 /* Preview Assets.xcassets in Resources */,
				F17DE7E326F1CD56008CF458 /* Assets.xcassets in Resources */,
			);
			runOnlyForDeploymentPostprocessing = 0;
		};
/* End PBXResourcesBuildPhase section */

/* Begin PBXSourcesBuildPhase section */
		F17DE7D726F1CD55008CF458 /* Sources */ = {
			isa = PBXSourcesBuildPhase;
			buildActionMask = 2147483647;
			files = (
				F17DE7E126F1CD55008CF458 /* ContentView.swift in Sources */,
				F17DE7DF26F1CD55008CF458 /* SimpliFiApp.swift in Sources */,
				F17DE7EE26F1CDC8008CF458 /* Budget.swift in Sources */,
			);
			runOnlyForDeploymentPostprocessing = 0;
		};
/* End PBXSourcesBuildPhase section */

/* Begin XCBuildConfiguration section */
		F17DE7E826F1CD56008CF458 /* Debug */ = {
			isa = XCBuildConfiguration;
			buildSettings = {
				ALWAYS_SEARCH_USER_PATHS = NO;
				CLANG_ANALYZER_NONNULL = YES;
				CLANG_ANALYZER_NUMBER_OBJECT_CONVERSION = YES_AGGRESSIVE;
				CLANG_CXX_LANGUAGE_STANDARD = "gnu++14";
				CLANG_CXX_LIBRARY = "libc++";
				CLANG_ENABLE_MODULES = YES;
				CLANG_ENABLE_OBJC_ARC = YES;
				CLANG_ENABLE_OBJC_WEAK = YES;
				CLANG_WARN_BLOCK_CAPTURE_AUTORELEASING = YES;
				CLANG_WARN_BOOL_CONVERSION = YES;
				CLANG_WARN_COMMA = YES;
				CLANG_WARN_CONSTANT_CONVERSION = YES;
				CLANG_WARN_DEPRECATED_OBJC_IMPLEMENTATIONS = YES;
				CLANG_WARN_DIRECT_OBJC_ISA_USAGE = YES_ERROR;
				CLANG_WARN_DOCUMENTATION_COMMENTS = YES;
				CLANG_WARN_EMPTY_BODY = YES;
				CLANG_WARN_ENUM_CONVERSION = YES;
				CLANG_WARN_INFINITE_RECURSION = YES;
				CLANG_WARN_INT_CONVERSION = YES;
				CLANG_WARN_NON_LITERAL_NULL_CONVERSION = YES;
				CLANG_WARN_OBJC_IMPLICIT_RETAIN_SELF = YES;
				CLANG_WARN_OBJC_LITERAL_CONVERSION = YES;
				CLANG_WARN_OBJC_ROOT_CLASS = YES_ERROR;
				CLANG_WARN_QUOTED_INCLUDE_IN_FRAMEWORK_HEADER = YES;
				CLANG_WARN_RANGE_LOOP_ANALYSIS = YES;
				CLANG_WARN_STRICT_PROTOTYPES = YES;
				CLANG_WARN_SUSPICIOUS_MOVE = YES;
				CLANG_WARN_UNGUARDED_AVAILABILITY = YES_AGGRESSIVE;
				CLANG_WARN_UNREACHABLE_CODE = YES;
				CLANG_WARN__DUPLICATE_METHOD_MATCH = YES;
				COPY_PHASE_STRIP = NO;
				DEBUG_INFORMATION_FORMAT = dwarf;
				ENABLE_STRICT_OBJC_MSGSEND = YES;
				ENABLE_TESTABILITY = YES;
				GCC_C_LANGUAGE_STANDARD = gnu11;
				GCC_DYNAMIC_NO_PIC = NO;
				GCC_NO_COMMON_BLOCKS = YES;
				GCC_OPTIMIZATION_LEVEL = 0;
				GCC_PREPROCESSOR_DEFINITIONS = (
					"DEBUG=1",
					"$(inherited)",
				);
				GCC_WARN_64_TO_32_BIT_CONVERSION = YES;
				GCC_WARN_ABOUT_RETURN_TYPE = YES_ERROR;
				GCC_WARN_UNDECLARED_SELECTOR = YES;
				GCC_WARN_UNINITIALIZED_AUTOS = YES_AGGRESSIVE;
				GCC_WARN_UNUSED_FUNCTION = YES;
				GCC_WARN_UNUSED_VARIABLE = YES;
				IPHONEOS_DEPLOYMENT_TARGET = 14.5;
				MTL_ENABLE_DEBUG_INFO = INCLUDE_SOURCE;
				MTL_FAST_MATH = YES;
				ONLY_ACTIVE_ARCH = YES;
				SDKROOT = iphoneos;
				SWIFT_ACTIVE_COMPILATION_CONDITIONS = DEBUG;
				SWIFT_OPTIMIZATION_LEVEL = "-Onone";
			};
			name = Debug;
		};
		F17DE7E926F1CD56008CF458 /* Release */ = {
			isa = XCBuildConfiguration;
			buildSettings = {
				ALWAYS_SEARCH_USER_PATHS = NO;
				CLANG_ANALYZER_NONNULL = YES;
				CLANG_ANALYZER_NUMBER_OBJECT_CONVERSION = YES_AGGRESSIVE;
				CLANG_CXX_LANGUAGE_STANDARD = "gnu++14";
				CLANG_CXX_LIBRARY = "libc++";
				CLANG_ENABLE_MODULES = YES;
				CLANG_ENABLE_OBJC_ARC = YES;
				CLANG_ENABLE_OBJC_WEAK = YES;
				CLANG_WARN_BLOCK_CAPTURE_AUTORELEASING = YES;
				CLANG_WARN_BOOL_CONVERSION = YES;
				CLANG_WARN_COMMA = YES;
				CLANG_WARN_CONSTANT_CONVERSION = YES;
				CLANG_WARN_DEPRECATED_OBJC_IMPLEMENTATIONS = YES;
				CLANG_WARN_DIRECT_OBJC_ISA_USAGE = YES_ERROR;
				CLANG_WARN_DOCUMENTATION_COMMENTS = YES;
				CLANG_WARN_EMPTY_BODY = YES;
				CLANG_WARN_ENUM_CONVERSION = YES;
				CLANG_WARN_INFINITE_RECURSION = YES;
				CLANG_WARN_INT_CONVERSION = YES;
				CLANG_WARN_NON_LITERAL_NULL_CONVERSION = YES;
				CLANG_WARN_OBJC_IMPLICIT_RETAIN_SELF = YES;
				CLANG_WARN_OBJC_LITERAL_CONVERSION = YES;
				CLANG_WARN_OBJC_ROOT_CLASS = YES_ERROR;
				CLANG_WARN_QUOTED_INCLUDE_IN_FRAMEWORK_HEADER = YES;
				CLANG_WARN_RANGE_LOOP_ANALYSIS = YES;
				CLANG_WARN_STRICT_PROTOTYPES = YES;
				CLANG_WARN_SUSPICIOUS_MOVE = YES;
				CLANG_WARN_UNGUARDED_AVAILABILITY = YES_AGGRESSIVE;
				CLANG_WARN_UNREACHABLE_CODE = YES;
				CLANG_WARN__DUPLICATE_METHOD_MATCH = YES;
				COPY_PHASE_STRIP = NO;
				DEBUG_INFORMATION_FORMAT = "dwarf-with-dsym";
				ENABLE_NS_ASSERTIONS = NO;
				ENABLE_STRICT_OBJC_MSGSEND = YES;
				GCC_C_LANGUAGE_STANDARD = gnu11;
				GCC_NO_COMMON_BLOCKS = YES;
				GCC_WARN_64_TO_32_BIT_CONVERSION = YES;
				GCC_WARN_ABOUT_RETURN_TYPE = YES_ERROR;
				GCC_WARN_UNDECLARED_SELECTOR = YES;
				GCC_WARN_UNINITIALIZED_AUTOS = YES_AGGRESSIVE;
				GCC_WARN_UNUSED_FUNCTION = YES;
				GCC_WARN_UNUSED_VARIABLE = YES;
				IPHONEOS_DEPLOYMENT_TARGET = 14.5;
				MTL_ENABLE_DEBUG_INFO = NO;
				MTL_FAST_MATH = YES;
				SDKROOT = iphoneos;
				SWIFT_COMPILATION_MODE = wholemodule;
				SWIFT_OPTIMIZATION_LEVEL = "-O";
				VALIDATE_PRODUCT = YES;
			};
			name = Release;
		};
		F17DE7EB26F1CD56008CF458 /* Debug */ = {
			isa = XCBuildConfiguration;
			buildSettings = {
				ASSETCATALOG_COMPILER_APPICON_NAME = AppIcon;
				ASSETCATALOG_COMPILER_GLOBAL_ACCENT_COLOR_NAME = AccentColor;
				CODE_SIGN_STYLE = Automatic;
				DEVELOPMENT_ASSET_PATHS = "\"SimpliFi/Preview Content\"";
				DEVELOPMENT_TEAM = 56WMA55YG4;
				ENABLE_PREVIEWS = YES;
				INFOPLIST_FILE = SimpliFi/Info.plist;
				IPHONEOS_DEPLOYMENT_TARGET = 14.0;
				LD_RUNPATH_SEARCH_PATHS = (
					"$(inherited)",
					"@executable_path/Frameworks",
				);
				PRODUCT_BUNDLE_IDENTIFIER = za.co.enigmic.SimpliFi;
				PRODUCT_NAME = "$(TARGET_NAME)";
				SWIFT_VERSION = 5.0;
				TARGETED_DEVICE_FAMILY = "1,2";
			};
			name = Debug;
		};
		F17DE7EC26F1CD56008CF458 /* Release */ = {
			isa = XCBuildConfiguration;
			buildSettings = {
				ASSETCATALOG_COMPILER_APPICON_NAME = AppIcon;
				ASSETCATALOG_COMPILER_GLOBAL_ACCENT_COLOR_NAME = AccentColor;
				CODE_SIGN_STYLE = Automatic;
				DEVELOPMENT_ASSET_PATHS = "\"SimpliFi/Preview Content\"";
				DEVELOPMENT_TEAM = 56WMA55YG4;
				ENABLE_PREVIEWS = YES;
				INFOPLIST_FILE = SimpliFi/Info.plist;
				IPHONEOS_DEPLOYMENT_TARGET = 14.0;
				LD_RUNPATH_SEARCH_PATHS = (
					"$(inherited)",
					"@executable_path/Frameworks",
				);
				PRODUCT_BUNDLE_IDENTIFIER = za.co.enigmic.SimpliFi;
				PRODUCT_NAME = "$(TARGET_NAME)";
				SWIFT_VERSION = 5.0;
				TARGETED_DEVICE_FAMILY = "1,2";
			};
			name = Release;
		};
/* End XCBuildConfiguration section */

/* Begin XCConfigurationList section */
		F17DE7D626F1CD55008CF458 /* Build configuration list for PBXProject "SimpliFi" */ = {
			isa = XCConfigurationList;
			buildConfigurations = (
				F17DE7E826F1CD56008CF458 /* Debug */,
				F17DE7E926F1CD56008CF458 /* Release */,
			);
			defaultConfigurationIsVisible = 0;
			defaultConfigurationName = Release;
		};
		F17DE7EA26F1CD56008CF458 /* Build configuration list for PBXNativeTarget "SimpliFi" */ = {
			isa = XCConfigurationList;
			buildConfigurations = (
				F17DE7EB26F1CD56008CF458 /* Debug */,
				F17DE7EC26F1CD56008CF458 /* Release */,
			);
			defaultConfigurationIsVisible = 0;
			defaultConfigurationName = Release;
		};
/* End XCConfigurationList section */
	};
	rootObject = F17DE7D326F1CD55008CF458 /* Project object */;
}
